
Microsoft Visual Studio Solution File, Format Version 11.00
# Visual Studio 2010
Project("{FAE04EC0-301F-11D3-BF4B-00C04F79EFBC}") = "KMeansExample", "KMeansExample\KMeansExample.csproj", "{B2219BB0-386D-4056-A905-47046276F81F}"
EndProject
Project("{FAE04EC0-301F-11D3-BF4B-00C04F79EFBC}") = "KMeans", "KMeans\KMeans.csproj", "{401A8D11-E5D3-491F-9676-0B0B941D644D}"
EndProject
Global
	GlobalSection(SolutionConfigurationPlatforms) = preSolution
		Debug|Any CPU = Debug|Any CPU
		Debug|Mixed Platforms = Debug|Mixed Platforms
		Debug|x86 = Debug|x86
		Release|Any CPU = Release|Any CPU
		Release|Mixed Platforms = Release|Mixed Platforms
		Release|x86 = Release|x86
	EndGlobalSection
	GlobalSection(ProjectConfigurationPlatforms) = postSolution
		{B2219BB0-386D-4056-A905-47046276F81F}.Debug|Any CPU.ActiveCfg = Debug|x86
		{B2219BB0-386D-4056-A905-47046276F81F}.Debug|Mixed Platforms.ActiveCfg = Debug|x86
		{B2219BB0-386D-4056-A905-47046276F81F}.Debug|Mixed Platforms.Build.0 = Debug|x86
		{B2219BB0-386D-4056-A905-47046276F81F}.Debug|x86.ActiveCfg = Debug|x86
		{B2219BB0-386D-4056-A905-47046276F81F}.Debug|x86.Build.0 = Debug|x86
		{B2219BB0-386D-4056-A905-47046276F81F}.Release|Any CPU.ActiveCfg = Release|x86
		{B2219BB0-386D-4056-A905-47046276F81F}.Release|Mixed Platforms.ActiveCfg = Release|x86
		{B2219BB0-386D-4056-A905-47046276F81F}.Release|Mixed Platforms.Build.0 = Release|x86
		{B2219BB0-386D-4056-A905-47046276F81F}.Release|x86.ActiveCfg = Release|x86
		{B2219BB0-386D-4056-A905-47046276F81F}.Release|x86.Build.0 = Release|x86
		{401A8D11-E5D3-491F-9676-0B0B941D644D}.Debug|Any CPU.ActiveCfg = Debug|Any CPU
		{401A8D11-E5D3-491F-9676-0B0B941D644D}.Debug|Any CPU.Build.0 = Debug|Any CPU
		{401A8D11-E5D3-491F-9676-0B0B941D644D}.Debug|Mixed Platforms.ActiveCfg = Debug|Any CPU
		{401A8D11-E5D3-491F-9676-0B0B941D644D}.Debug|Mixed Platforms.Build.0 = Debug|Any CPU
		{401A8D11-E5D3-491F-9676-0B0B941D644D}.Debug|x86.ActiveCfg = Debug|Any CPU
		{401A8D11-E5D3-491F-9676-0B0B941D644D}.Release|Any CPU.ActiveCfg = Release|Any CPU
		{401A8D11-E5D3-491F-9676-0B0B941D644D}.Release|Any CPU.Build.0 = Release|Any CPU
		{401A8D11-E5D3-491F-9676-0B0B941D644D}.Release|Mixed Platforms.ActiveCfg = Release|Any CPU
		{401A8D11-E5D3-491F-9676-0B0B941D644D}.Release|Mixed Platforms.Build.0 = Release|Any CPU
		{401A8D11-E5D3-491F-9676-0B0B941D644D}.Release|x86.ActiveCfg = Release|Any CPU
	EndGlobalSection
	GlobalSection(SolutionProperties) = preSolution
		HideSolutionNode = FALSE
	EndGlobalSection
EndGlobal
